
Microsoft Visual Studio Solution File, Format Version 12.00
# Visual Studio Version 16
VisualStudioVersion = 16.0.31424.327
MinimumVisualStudioVersion = 10.0.40219.1
Project("{FAE04EC0-301F-11D3-BF4B-00C04F79EFBC}") = "AnimationSpeed", "AnimationSpeed\AnimationSpeed.csproj", "{39D9A5BE-225E-47A0-B29C-39B4027A61C7}"
EndProject
Project("{FAE04EC0-301F-11D3-BF4B-00C04F79EFBC}") = "TimeSpeed", "TimeSpeed\TimeSpeed.csproj", "{6CC07CF2-8C6B-400F-913D-C2CDF59BFB2A}"
EndProject
Global
	GlobalSection(SolutionConfigurationPlatforms) = preSolution
		Debug|Any CPU = Debug|Any CPU
		Release|Any CPU = Release|Any CPU
	EndGlobalSection
	GlobalSection(ProjectConfigurationPlatforms) = postSolution
		{39D9A5BE-225E-47A0-B29C-39B4027A61C7}.Debug|Any CPU.ActiveCfg = Debug|Any CPU
		{39D9A5BE-225E-47A0-B29C-39B4027A61C7}.Debug|Any CPU.Build.0 = Debug|Any CPU
		{39D9A5BE-225E-47A0-B29C-39B4027A61C7}.Release|Any CPU.ActiveCfg = Release|Any CPU
		{39D9A5BE-225E-47A0-B29C-39B4027A61C7}.Release|Any CPU.Build.0 = Release|Any CPU
		{6CC07CF2-8C6B-400F-913D-C2CDF59BFB2A}.Debug|Any CPU.ActiveCfg = Debug|Any CPU
		{6CC07CF2-8C6B-400F-913D-C2CDF59BFB2A}.Debug|Any CPU.Build.0 = Debug|Any CPU
		{6CC07CF2-8C6B-400F-913D-C2CDF59BFB2A}.Release|Any CPU.ActiveCfg = Release|Any CPU
		{6CC07CF2-8C6B-400F-913D-C2CDF59BFB2A}.Release|Any CPU.Build.0 = Release|Any CPU
	EndGlobalSection
	GlobalSection(SolutionProperties) = preSolution
		HideSolutionNode = FALSE
	EndGlobalSection
	GlobalSection(ExtensibilityGlobals) = postSolution
		SolutionGuid = {318C183A-7A42-4E3D-9D79-A3AA0229159E}
	EndGlobalSection
EndGlobal
